github.com/beanou/config v0.0.0-20210108124219-113f241a5d91 h1:bTnYn3ktvmGd4JIZef7OngNNHZ7x7gHTAdlYQuglWKo=
github.com/beanou/config v0.0.0-20210108124219-113f241a5d91/go.mod h1:pVQ26O1Madk8esNQjhKMacRNcmVQThUFjfr4w0yKn9E=
github.com/pkg/errors v0.9.1 h1:FEBLx1zS214owpjy7qsBeixbURkuhQAwrK5UwLGTwt4=
github.com/pkg/errors v0.9.1/go.mod h1:bwawxfHBFNV+L2hUp1rHADufV3IMtnDRdf1r5NINEl0=
github.com/satori/go.uuid v1.2.0 h1:0uYX9dsZ2yD7q2RtLRtPSdGDWzjeM3TbMJP9utgA0ww=
github.com/satori/go.uuid v1.2.0/go.mod h1:dA0hQrYB0VpLJoorglMZABFdXlWrHn1NEOzdhQKdks0=
